
Microsoft Visual Studio Solution File, Format Version 12.00
# Visual Studio 14
VisualStudioVersion = 14.0.25420.1
MinimumVisualStudioVersion = 10.0.40219.1
Project("{FAE04EC0-301F-11D3-BF4B-00C04F79EFBC}") = "ClassLibrary1", "ClassLibrary1\ClassLibrary1.csproj", "{BB305A30-2DAE-4222-ADC9-F09881DEB607}"
EndProject
Project("{FAE04EC0-301F-11D3-BF4B-00C04F79EFBC}") = "ClassLibrary2", "ClassLibrary2\ClassLibrary2.csproj", "{9D427CE5-AE91-4C6D-837A-E49D110823A6}"
EndProject
Global
	GlobalSection(SolutionConfigurationPlatforms) = preSolution
		Debug|Any CPU = Debug|Any CPU
		Release|Any CPU = Release|Any CPU
	EndGlobalSection
	GlobalSection(ProjectConfigurationPlatforms) = postSolution
		{BB305A30-2DAE-4222-ADC9-F09881DEB607}.Debug|Any CPU.ActiveCfg = Debug|Any CPU
		{BB305A30-2DAE-4222-ADC9-F09881DEB607}.Debug|Any CPU.Build.0 = Debug|Any CPU
		{BB305A30-2DAE-4222-ADC9-F09881DEB607}.Release|Any CPU.ActiveCfg = Release|Any CPU
		{BB305A30-2DAE-4222-ADC9-F09881DEB607}.Release|Any CPU.Build.0 = Release|Any CPU
		{9D427CE5-AE91-4C6D-837A-E49D110823A6}.Debug|Any CPU.ActiveCfg = Debug|Any CPU
		{9D427CE5-AE91-4C6D-837A-E49D110823A6}.Debug|Any CPU.Build.0 = Debug|Any CPU
		{9D427CE5-AE91-4C6D-837A-E49D110823A6}.Release|Any CPU.ActiveCfg = Release|Any CPU
		{9D427CE5-AE91-4C6D-837A-E49D110823A6}.Release|Any CPU.Build.0 = Release|Any CPU
	EndGlobalSection
	GlobalSection(SolutionProperties) = preSolution
		HideSolutionNode = FALSE
	EndGlobalSection
EndGlobal
